Microsoft Visual Studio Solution File, Format Version 12.00
# Visual Studio Version 16
VisualStudioVersion = 16.0.29409.12
MinimumVisualStudioVersion = 10.0.40219.1
Project("{9A19103F-16F7-4668-BE54-9A1E7A4F7556}") = "TaleEngine", "TaleEngine\TaleEngine.csproj", "{38BEB37B-A048-4419-9E3B-B485E354CC8F}"
EndProject
Project("{9A19103F-16F7-4668-BE54-9A1E7A4F7556}") = "TaleEngine.Application", "TaleEngine.Application\TaleEngine.Application.csproj", "{916C4408-6263-4821-9763-FDEB1E03C0CA}"
EndProject
Project("{9A19103F-16F7-4668-BE54-9A1E7A4F7556}") = "TaleEngine.Application.Contracts", "TaleEngine.Application.Contracts\TaleEngine.Application.Contracts.csproj", "{6B7D4065-B213-44B4-B758-E1A77EC67DA7}"
EndProject
Project("{9A19103F-16F7-4668-BE54-9A1E7A4F7556}") = "TaleEngine.Data", "TaleEngine.Data\TaleEngine.Data.csproj", "{EA5FC62F-B813-4433-A00A-034F49A63934}"
EndProject
Project("{9A19103F-16F7-4668-BE54-9A1E7A4F7556}") = "TaleEngine.Data.Contracts", "TaleEngine.Data.Contracts\TaleEngine.Data.Contracts.csproj", "{F291E54C-00DB-4304-BD09-3ADECC2763C7}"
EndProject
Project("{9A19103F-16F7-4668-BE54-9A1E7A4F7556}") = "TaleEngine.Bussiness", "TaleEngine.Bussiness\TaleEngine.Bussiness.csproj", "{70A4BFB1-CC9E-43CF-AE27-30A0BED73A63}"
EndProject
Project("{9A19103F-16F7-4668-BE54-9A1E7A4F7556}") = "TaleEngine.Bussiness.Contracts", "TaleEngine.Bussiness.Contracts\TaleEngine.Bussiness.Contracts.csproj", "{A3A3704B-A23D-4B2B-8581-17433D6D68A5}"
EndProject
Project("{9A19103F-16F7-4668-BE54-9A1E7A4F7556}") = "TaleEngine.Testing", "TaleEngine.Testing\TaleEngine.Testing.csproj", "{82520E4E-84EE-4FEF-A65C-363A5345DFC8}"
EndProject
Project("{2150E333-8FDC-42A3-9474-1A3956D46DE8}") = "test", "test", "{E9708518-5B32-4CEB-9D18-51B91EFC9FD3}"
EndProject
Project("{2150E333-8FDC-42A3-9474-1A3956D46DE8}") = "src", "src", "{FD89CD00-60B3-48CF-BA93-D7DB52A54097}"
EndProject
Project("{9A19103F-16F7-4668-BE54-9A1E7A4F7556}") = "TaleEngine.Fakes", "TaleEngine.Fakes\TaleEngine.Fakes.csproj", "{A41A36ED-768C-43DB-B39A-CAD91497323E}"
EndProject
Project("{9A19103F-16F7-4668-BE54-9A1E7A4F7556}") = "TaleEngine.Application.Testing", "TaleEngine.Application.Testing\TaleEngine.Application.Testing.csproj", "{EE100298-B48B-4EF6-A3B7-900E7A03199E}"
EndProject
Project("{9A19103F-16F7-4668-BE54-9A1E7A4F7556}") = "TaleEngine.Business.Testing", "TaleEngine.Business.Testing\TaleEngine.Business.Testing.csproj", "{66D44ECB-8B79-47A8-92A2-A77297980C64}"
EndProject
Project("{9A19103F-16F7-4668-BE54-9A1E7A4F7556}") = "TaleEngine.IntegrationTests", "TaleEngine.IntegrationTests\TaleEngine.IntegrationTests.csproj", "{42B926BC-2935-4CF4-B043-A2162B8E069B}"
EndProject
Global
	GlobalSection(SolutionConfigurationPlatforms) = preSolution
		Debug|Any CPU = Debug|Any CPU
		Release|Any CPU = Release|Any CPU
	EndGlobalSection
	GlobalSection(ProjectConfigurationPlatforms) = postSolution
		{38BEB37B-A048-4419-9E3B-B485E354CC8F}.Debug|Any CPU.ActiveCfg = Debug|Any CPU
		{38BEB37B-A048-4419-9E3B-B485E354CC8F}.Debug|Any CPU.Build.0 = Debug|Any CPU
		{38BEB37B-A048-4419-9E3B-B485E354CC8F}.Release|Any CPU.ActiveCfg = Release|Any CPU
		{38BEB37B-A048-4419-9E3B-B485E354CC8F}.Release|Any CPU.Build.0 = Release|Any CPU
		{916C4408-6263-4821-9763-FDEB1E03C0CA}.Debug|Any CPU.ActiveCfg = Debug|Any CPU
		{916C4408-6263-4821-9763-FDEB1E03C0CA}.Debug|Any CPU.Build.0 = Debug|Any CPU
		{916C4408-6263-4821-9763-FDEB1E03C0CA}.Release|Any CPU.ActiveCfg = Release|Any CPU
		{916C4408-6263-4821-9763-FDEB1E03C0CA}.Release|Any CPU.Build.0 = Release|Any CPU
		{6B7D4065-B213-44B4-B758-E1A77EC67DA7}.Debug|Any CPU.ActiveCfg = Debug|Any CPU
		{6B7D4065-B213-44B4-B758-E1A77EC67DA7}.Debug|Any CPU.Build.0 = Debug|Any CPU
		{6B7D4065-B213-44B4-B758-E1A77EC67DA7}.Release|Any CPU.ActiveCfg = Release|Any CPU
		{6B7D4065-B213-44B4-B758-E1A77EC67DA7}.Release|Any CPU.Build.0 = Release|Any CPU
		{EA5FC62F-B813-4433-A00A-034F49A63934}.Debug|Any CPU.ActiveCfg = Debug|Any CPU
		{EA5FC62F-B813-4433-A00A-034F49A63934}.Debug|Any CPU.Build.0 = Debug|Any CPU
		{EA5FC62F-B813-4433-A00A-034F49A63934}.Release|Any CPU.ActiveCfg = Release|Any CPU
		{EA5FC62F-B813-4433-A00A-034F49A63934}.Release|Any CPU.Build.0 = Release|Any CPU
		{F291E54C-00DB-4304-BD09-3ADECC2763C7}.Debug|Any CPU.ActiveCfg = Debug|Any CPU
		{F291E54C-00DB-4304-BD09-3ADECC2763C7}.Debug|Any CPU.Build.0 = Debug|Any CPU
		{F291E54C-00DB-4304-BD09-3ADECC2763C7}.Release|Any CPU.ActiveCfg = Release|Any CPU
		{F291E54C-00DB-4304-BD09-3ADECC2763C7}.Release|Any CPU.Build.0 = Release|Any CPU
		{70A4BFB1-CC9E-43CF-AE27-30A0BED73A63}.Debug|Any CPU.ActiveCfg = Debug|Any CPU
		{70A4BFB1-CC9E-43CF-AE27-30A0BED73A63}.Debug|Any CPU.Build.0 = Debug|Any CPU
		{70A4BFB1-CC9E-43CF-AE27-30A0BED73A63}.Release|Any CPU.ActiveCfg = Release|Any CPU
		{70A4BFB1-CC9E-43CF-AE27-30A0BED73A63}.Release|Any CPU.Build.0 = Release|Any CPU
		{A3A3704B-A23D-4B2B-8581-17433D6D68A5}.Debug|Any CPU.ActiveCfg = Debug|Any CPU
		{A3A3704B-A23D-4B2B-8581-17433D6D68A5}.Debug|Any CPU.Build.0 = Debug|Any CPU
		{A3A3704B-A23D-4B2B-8581-17433D6D68A5}.Release|Any CPU.ActiveCfg = Release|Any CPU
		{A3A3704B-A23D-4B2B-8581-17433D6D68A5}.Release|Any CPU.Build.0 = Release|Any CPU
		{82520E4E-84EE-4FEF-A65C-363A5345DFC8}.Debug|Any CPU.ActiveCfg = Debug|Any CPU
		{82520E4E-84EE-4FEF-A65C-363A5345DFC8}.Debug|Any CPU.Build.0 = Debug|Any CPU
		{82520E4E-84EE-4FEF-A65C-363A5345DFC8}.Release|Any CPU.ActiveCfg = Release|Any CPU
		{82520E4E-84EE-4FEF-A65C-363A5345DFC8}.Release|Any CPU.Build.0 = Release|Any CPU
		{A41A36ED-768C-43DB-B39A-CAD91497323E}.Debug|Any CPU.ActiveCfg = Debug|Any CPU
		{A41A36ED-768C-43DB-B39A-CAD91497323E}.Debug|Any CPU.Build.0 = Debug|Any CPU
		{A41A36ED-768C-43DB-B39A-CAD91497323E}.Release|Any CPU.ActiveCfg = Release|Any CPU
		{A41A36ED-768C-43DB-B39A-CAD91497323E}.Release|Any CPU.Build.0 = Release|Any CPU
		{EE100298-B48B-4EF6-A3B7-900E7A03199E}.Debug|Any CPU.ActiveCfg = Debug|Any CPU
		{EE100298-B48B-4EF6-A3B7-900E7A03199E}.Debug|Any CPU.Build.0 = Debug|Any CPU
		{EE100298-B48B-4EF6-A3B7-900E7A03199E}.Release|Any CPU.ActiveCfg = Release|Any CPU
		{EE100298-B48B-4EF6-A3B7-900E7A03199E}.Release|Any CPU.Build.0 = Release|Any CPU
		{66D44ECB-8B79-47A8-92A2-A77297980C64}.Debug|Any CPU.ActiveCfg = Debug|Any CPU
		{66D44ECB-8B79-47A8-92A2-A77297980C64}.Debug|Any CPU.Build.0 = Debug|Any CPU
		{66D44ECB-8B79-47A8-92A2-A77297980C64}.Release|Any CPU.ActiveCfg = Release|Any CPU
		{66D44ECB-8B79-47A8-92A2-A77297980C64}.Release|Any CPU.Build.0 = Release|Any CPU
		{42B926BC-2935-4CF4-B043-A2162B8E069B}.Debug|Any CPU.ActiveCfg = Debug|Any CPU
		{42B926BC-2935-4CF4-B043-A2162B8E069B}.Debug|Any CPU.Build.0 = Debug|Any CPU
		{42B926BC-2935-4CF4-B043-A2162B8E069B}.Release|Any CPU.ActiveCfg = Release|Any CPU
		{42B926BC-2935-4CF4-B043-A2162B8E069B}.Release|Any CPU.Build.0 = Release|Any CPU
	EndGlobalSection
	GlobalSection(SolutionProperties) = preSolution
		HideSolutionNode = FALSE
	EndGlobalSection
	GlobalSection(NestedProjects) = preSolution
		{38BEB37B-A048-4419-9E3B-B485E354CC8F} = {FD89CD00-60B3-48CF-BA93-D7DB52A54097}
		{916C4408-6263-4821-9763-FDEB1E03C0CA} = {FD89CD00-60B3-48CF-BA93-D7DB52A54097}
		{6B7D4065-B213-44B4-B758-E1A77EC67DA7} = {FD89CD00-60B3-48CF-BA93-D7DB52A54097}
		{EA5FC62F-B813-4433-A00A-034F49A63934} = {FD89CD00-60B3-48CF-BA93-D7DB52A54097}
		{F291E54C-00DB-4304-BD09-3ADECC2763C7} = {FD89CD00-60B3-48CF-BA93-D7DB52A54097}
		{70A4BFB1-CC9E-43CF-AE27-30A0BED73A63} = {FD89CD00-60B3-48CF-BA93-D7DB52A54097}
		{A3A3704B-A23D-4B2B-8581-17433D6D68A5} = {FD89CD00-60B3-48CF-BA93-D7DB52A54097}
		{82520E4E-84EE-4FEF-A65C-363A5345DFC8} = {E9708518-5B32-4CEB-9D18-51B91EFC9FD3}
		{A41A36ED-768C-43DB-B39A-CAD91497323E} = {E9708518-5B32-4CEB-9D18-51B91EFC9FD3}
		{EE100298-B48B-4EF6-A3B7-900E7A03199E} = {E9708518-5B32-4CEB-9D18-51B91EFC9FD3}
		{66D44ECB-8B79-47A8-92A2-A77297980C64} = {E9708518-5B32-4CEB-9D18-51B91EFC9FD3}
		{42B926BC-2935-4CF4-B043-A2162B8E069B} = {E9708518-5B32-4CEB-9D18-51B91EFC9FD3}
	EndGlobalSection
	GlobalSection(ExtensibilityGlobals) = postSolution
		SolutionGuid = {28F5F255-AAC8-4F3C-9584-ED72C6DEB5FE}
	EndGlobalSection
EndGlobal
